// !$*UTF8*$!
{
	archiveVersion = 1;
	classes = {
	};
	objectVersion = 46;
	objects = {

/* Begin PBXBuildFile section */
		440E85F217F5140E00D191A2 /* Foundation.framework in Frameworks */ = {isa = PBXBuildFile; fileRef = 440E85F117F5140E00D191A2 /* Foundation.framework */; };
		440E85F417F5140E00D191A2 /* CoreGraphics.framework in Frameworks */ = {isa = PBXBuildFile; fileRef = 440E85F317F5140E00D191A2 /* CoreGraphics.framework */; };
		440E85F617F5140E00D191A2 /* UIKit.framework in Frameworks */ = {isa = PBXBuildFile; fileRef = 440E85F517F5140E00D191A2 /* UIKit.framework */; };
		440E85FC17F5140E00D191A2 /* InfoPlist.strings in Resources */ = {isa = PBXBuildFile; fileRef = 440E85FA17F5140E00D191A2 /* InfoPlist.strings */; };
		440E85FE17F5140E00D191A2 /* main.m in Sources */ = {isa = PBXBuildFile; fileRef = 440E85FD17F5140E00D191A2 /* main.m */; };
		440E860217F5140E00D191A2 /* AppDelegate.m in Sources */ = {isa = PBXBuildFile; fileRef = 440E860117F5140E00D191A2 /* AppDelegate.m */; };
		440E860A17F5140F00D191A2 /* Images.xcassets in Resources */ = {isa = PBXBuildFile; fileRef = 440E860917F5140F00D191A2 /* Images.xcassets */; };
		440E861117F5140F00D191A2 /* XCTest.framework in Frameworks */ = {isa = PBXBuildFile; fileRef = 440E861017F5140F00D191A2 /* XCTest.framework */; };
		440E861217F5140F00D191A2 /* Foundation.framework in Frameworks */ = {isa = PBXBuildFile; fileRef = 440E85F117F5140E00D191A2 /* Foundation.framework */; };
		440E861317F5140F00D191A2 /* UIKit.framework in Frameworks */ = {isa = PBXBuildFile; fileRef = 440E85F517F5140E00D191A2 /* UIKit.framework */; };
		440E864417F5151D00D191A2 /* pig.caf in Resources */ = {isa = PBXBuildFile; fileRef = 440E863E17F5151D00D191A2 /* pig.caf */; };
		440E864517F5151D00D191A2 /* frog.caf in Resources */ = {isa = PBXBuildFile; fileRef = 440E863F17F5151D00D191A2 /* frog.caf */; };
		440E864617F5151D00D191A2 /* cow.caf in Resources */ = {isa = PBXBuildFile; fileRef = 440E864017F5151D00D191A2 /* cow.caf */; };
		440E864717F5151D00D191A2 /* cat.caf in Resources */ = {isa = PBXBuildFile; fileRef = 440E864117F5151D00D191A2 /* cat.caf */; };
		440E864817F5151D00D191A2 /* goat.caf in Resources */ = {isa = PBXBuildFile; fileRef = 440E864217F5151D00D191A2 /* goat.caf */; };
		440E864917F5151D00D191A2 /* hey_adam.caf in Resources */ = {isa = PBXBuildFile; fileRef = 440E864317F5151D00D191A2 /* hey_adam.caf */; };
		440E864E17F5155F00D191A2 /* AudioToolbox.framework in Frameworks */ = {isa = PBXBuildFile; fileRef = 440E864D17F5155F00D191A2 /* AudioToolbox.framework */; };
		440E865017F5156900D191A2 /* CoreBluetooth.framework in Frameworks */ = {isa = PBXBuildFile; fileRef = 440E864F17F5156900D191A2 /* CoreBluetooth.framework */; };
		440E865217F5157100D191A2 /* QuartzCore.framework in Frameworks */ = {isa = PBXBuildFile; fileRef = 440E865117F5157100D191A2 /* QuartzCore.framework */; };
		440E865417F5157800D191A2 /* AVFoundation.framework in Frameworks */ = {isa = PBXBuildFile; fileRef = 440E865317F5157800D191A2 /* AVFoundation.framework */; };
		440E865617F5157F00D191A2 /* CoreLocation.framework in Frameworks */ = {isa = PBXBuildFile; fileRef = 440E865517F5157F00D191A2 /* CoreLocation.framework */; };
		440E865817F5159300D191A2 /* libz.dylib in Frameworks */ = {isa = PBXBuildFile; fileRef = 440E865717F5159300D191A2 /* libz.dylib */; };
		440E865A17F5159C00D191A2 /* libsqlite3.dylib in Frameworks */ = {isa = PBXBuildFile; fileRef = 440E865917F5159C00D191A2 /* libsqlite3.dylib */; };
		440E865C17F515A500D191A2 /* CFNetwork.framework in Frameworks */ = {isa = PBXBuildFile; fileRef = 440E865B17F515A500D191A2 /* CFNetwork.framework */; };
		440E865E17F515AC00D191A2 /* Security.framework in Frameworks */ = {isa = PBXBuildFile; fileRef = 440E865D17F515AC00D191A2 /* Security.framework */; };
		440E866217F51C1E00D191A2 /* PlistManager.m in Sources */ = {isa = PBXBuildFile; fileRef = 440E866117F51C1E00D191A2 /* PlistManager.m */; };
		4476CEE41819F87E002E5F9E /* 722-location-pin.png in Resources */ = {isa = PBXBuildFile; fileRef = 4476CEE21819F87E002E5F9E /* 722-location-pin.png */; };
		4476CEE51819F87E002E5F9E /* 722-location-pin@2x.png in Resources */ = {isa = PBXBuildFile; fileRef = 4476CEE31819F87E002E5F9E /* 722-location-pin@2x.png */; };
		447F26531823013C0076F44E /* iBeacon_Manager-Info.plist in Resources */ = {isa = PBXBuildFile; fileRef = 440E85F917F5140E00D191A2 /* iBeacon_Manager-Info.plist */; };
		447F2659182301E20076F44E /* Main.storyboard in Resources */ = {isa = PBXBuildFile; fileRef = 440E860317F5140E00D191A2 /* Main.storyboard */; };
		4481878A181F7A90009514CC /* location-pin-selected.png in Resources */ = {isa = PBXBuildFile; fileRef = 44818789181F7A90009514CC /* location-pin-selected.png */; };
		44952DA11822E4A400DC00E3 /* 702-share@2x.png in Resources */ = {isa = PBXBuildFile; fileRef = 44952DA01822E4A400DC00E3 /* 702-share@2x.png */; };
		44952DA31822E4A800DC00E3 /* 703-download@2x.png in Resources */ = {isa = PBXBuildFile; fileRef = 44952DA21822E4A800DC00E3 /* 703-download@2x.png */; };
		44952DA51822E4BD00DC00E3 /* 702-share-selected@2x.png in Resources */ = {isa = PBXBuildFile; fileRef = 44952DA41822E4BD00DC00E3 /* 702-share-selected@2x.png */; };
		44952DA71822E4C300DC00E3 /* 703-download-selected.png in Resources */ = {isa = PBXBuildFile; fileRef = 44952DA61822E4C300DC00E3 /* 703-download-selected.png */; };
		4498CDC51826EC8A001EC26B /* BeaconSettingsViewController.m in Sources */ = {isa = PBXBuildFile; fileRef = 4498CDC41826EC8A001EC26B /* BeaconSettingsViewController.m */; };
		44A5F84717F52E4400F619C1 /* goatbest.jpeg in Resources */ = {isa = PBXBuildFile; fileRef = 44A5F84617F52E4400F619C1 /* goatbest.jpeg */; };
		44A5F85A17F6041D00F619C1 /* MessageUI.framework in Frameworks */ = {isa = PBXBuildFile; fileRef = 44A5F85917F6041D00F619C1 /* MessageUI.framework */; };
		44A5F85C17F6043500F619C1 /* MapKit.framework in Frameworks */ = {isa = PBXBuildFile; fileRef = 44A5F85B17F6043500F619C1 /* MapKit.framework */; };
		44A5F85E17F6047900F619C1 /* CoreTelephony.framework in Frameworks */ = {isa = PBXBuildFile; fileRef = 44A5F85D17F6047900F619C1 /* CoreTelephony.framework */; };
		44A5F86017F6048900F619C1 /* SystemConfiguration.framework in Frameworks */ = {isa = PBXBuildFile; fileRef = 44A5F85F17F6048900F619C1 /* SystemConfiguration.framework */; };
		44A5F86217F6049A00F619C1 /* CoreData.framework in Frameworks */ = {isa = PBXBuildFile; fileRef = 44A5F86117F6049A00F619C1 /* CoreData.framework */; };
		44DE3EA9180908A80037CC91 /* Icon-72.png in Resources */ = {isa = PBXBuildFile; fileRef = 44DE3EA2180908A80037CC91 /* Icon-72.png */; };
		44DE3EAA180908A80037CC91 /* Icon-72@2x.png in Resources */ = {isa = PBXBuildFile; fileRef = 44DE3EA3180908A80037CC91 /* Icon-72@2x.png */; };
		44DE3EAB180908A80037CC91 /* Icon-Small-50.png in Resources */ = {isa = PBXBuildFile; fileRef = 44DE3EA4180908A80037CC91 /* Icon-Small-50.png */; };
		44DE3EAC180908A80037CC91 /* Icon-Small.png in Resources */ = {isa = PBXBuildFile; fileRef = 44DE3EA5180908A80037CC91 /* Icon-Small.png */; };
		44DE3EAD180908A80037CC91 /* Icon-Small@2x.png in Resources */ = {isa = PBXBuildFile; fileRef = 44DE3EA6180908A80037CC91 /* Icon-Small@2x.png */; };
		44DE3EAE180908A80037CC91 /* Icon.png in Resources */ = {isa = PBXBuildFile; fileRef = 44DE3EA7180908A80037CC91 /* Icon.png */; };
		44DE3EAF180908A80037CC91 /* Icon@2x.png in Resources */ = {isa = PBXBuildFile; fileRef = 44DE3EA8180908A80037CC91 /* Icon@2x.png */; };
		44E46F1618072C38004A35E9 /* VisitedBeaconRegions.plist in Resources */ = {isa = PBXBuildFile; fileRef = 44E46F1518072C38004A35E9 /* VisitedBeaconRegions.plist */; };
		44E6C1C617FC939100CD88AE /* Regions.plist in Resources */ = {isa = PBXBuildFile; fileRef = 44E6C1C517FC939100CD88AE /* Regions.plist */; };
		44E6C1C917FC96A500CD88AE /* BeaconRegions.plist in Resources */ = {isa = PBXBuildFile; fileRef = 44E6C1C817FC96A500CD88AE /* BeaconRegions.plist */; };
		44E6C1CC17FE29A200CD88AE /* BeaconViewController.m in Sources */ = {isa = PBXBuildFile; fileRef = 44E6C1CB17FE29A200CD88AE /* BeaconViewController.m */; };
		44E6C1D217FE2BAA00CD88AE /* BeaconRegionManager.m in Sources */ = {isa = PBXBuildFile; fileRef = 44E6C1D117FE2BAA00CD88AE /* BeaconRegionManager.m */; };
		44E6C1E017FF97B300CD88AE /* star.png in Resources */ = {isa = PBXBuildFile; fileRef = 44E6C1DE17FF97B300CD88AE /* star.png */; };
		44E6C1E117FF97B300CD88AE /* star@2x.png in Resources */ = {isa = PBXBuildFile; fileRef = 44E6C1DF17FF97B300CD88AE /* star@2x.png */; };
		44E6C1E417FF97E900CD88AE /* star-selected.png in Resources */ = {isa = PBXBuildFile; fileRef = 44E6C1E217FF97E900CD88AE /* star-selected.png */; };
		44E6C1E517FF97E900CD88AE /* star-selected@2x.png in Resources */ = {isa = PBXBuildFile; fileRef = 44E6C1E317FF97E900CD88AE /* star-selected@2x.png */; };
		44E6C1E817FF983300CD88AE /* 845-location-target.png in Resources */ = {isa = PBXBuildFile; fileRef = 44E6C1E617FF983300CD88AE /* 845-location-target.png */; };
		44E6C1E917FF983300CD88AE /* 845-location-target@2x.png in Resources */ = {isa = PBXBuildFile; fileRef = 44E6C1E717FF983300CD88AE /* 845-location-target@2x.png */; };
		44E6C1EC17FF986000CD88AE /* 849-radar.png in Resources */ = {isa = PBXBuildFile; fileRef = 44E6C1EA17FF986000CD88AE /* 849-radar.png */; };
		44E6C1ED17FF986000CD88AE /* 849-radar@2x.png in Resources */ = {isa = PBXBuildFile; fileRef = 44E6C1EB17FF986000CD88AE /* 849-radar@2x.png */; };
		44EFC679181CA056007C1B1B /* libUAirship-3.0.1.a in Frameworks */ = {isa = PBXBuildFile; fileRef = 44A5F85317F6036200F619C1 /* libUAirship-3.0.1.a */; };
		44EFC67B181CA11D007C1B1B /* AirshipConfig.plist in Resources */ = {isa = PBXBuildFile; fileRef = 44EFC67A181CA11D007C1B1B /* AirshipConfig.plist */; };
		6153AD661836CC59004E8C17 /* ManagedBeaconRegion.m in Sources */ = {isa = PBXBuildFile; fileRef = 6153AD651836CC59004E8C17 /* ManagedBeaconRegion.m */; };
		6192602E1835A17C00143F5A /* BeaconStatsViewController.m in Sources */ = {isa = PBXBuildFile; fileRef = 6192602D1835A17C00143F5A /* BeaconStatsViewController.m */; };
/* End PBXBuildFile section */

/* Begin PBXContainerItemProxy section */
		440E861417F5140F00D191A2 /* PBXContainerItemProxy */ = {
			isa = PBXContainerItemProxy;
			containerPortal = 440E85E617F5140E00D191A2 /* Project object */;
			proxyType = 1;
			remoteGlobalIDString = 440E85ED17F5140E00D191A2;
			remoteInfo = UABeacons;
		};
		44A5F85217F6036200F619C1 /* PBXContainerItemProxy */ = {
			isa = PBXContainerItemProxy;
			containerPortal = 44A5F84C17F6036100F619C1 /* AirshipLib.xcodeproj */;
			proxyType = 2;
			remoteGlobalIDString = BB88612C159A7E9600584445;
			remoteInfo = AirshipLib;
		};
		44A5F85417F6036200F619C1 /* PBXContainerItemProxy */ = {
			isa = PBXContainerItemProxy;
			containerPortal = 44A5F84C17F6036100F619C1 /* AirshipLib.xcodeproj */;
			proxyType = 2;
			remoteGlobalIDString = 7BB679061429288D00B877DB;
			remoteInfo = AirshipLogicTests;
		};
		44A5F85617F6036200F619C1 /* PBXContainerItemProxy */ = {
			isa = PBXContainerItemProxy;
			containerPortal = 44A5F84C17F6036100F619C1 /* AirshipLib.xcodeproj */;
			proxyType = 2;
			remoteGlobalIDString = 1FE0B7B117E2751000856C60;
			remoteInfo = "AirshipLib-iOS5";
		};
/* End PBXContainerItemProxy section */

/* Begin PBXFileReference section */
		440E85EE17F5140E00D191A2 /* iBeacon_Manager.app */ = {isa = PBXFileReference; explicitFileType = wrapper.application; includeInIndex = 0; path = iBeacon_Manager.app; sourceTree = BUILT_PRODUCTS_DIR; };
		440E85F117F5140E00D191A2 /* Foundation.framework */ = {isa = PBXFileReference; lastKnownFileType = wrapper.framework; name = Foundation.framework; path = System/Library/Frameworks/Foundation.framework; sourceTree = SDKROOT; };
		440E85F317F5140E00D191A2 /* CoreGraphics.framework */ = {isa = PBXFileReference; lastKnownFileType = wrapper.framework; name = CoreGraphics.framework; path = System/Library/Frameworks/CoreGraphics.framework; sourceTree = SDKROOT; };
		440E85F517F5140E00D191A2 /* UIKit.framework */ = {isa = PBXFileReference; lastKnownFileType = wrapper.framework; name = UIKit.framework; path = System/Library/Frameworks/UIKit.framework; sourceTree = SDKROOT; };
		440E85F917F5140E00D191A2 /* iBeacon_Manager-Info.plist */ = {isa = PBXFileReference; lastKnownFileType = text.plist.xml; path = "iBeacon_Manager-Info.plist"; sourceTree = "<group>"; };
		440E85FB17F5140E00D191A2 /* en */ = {isa = PBXFileReference; lastKnownFileType = text.plist.strings; name = en; path = en.lproj/InfoPlist.strings; sourceTree = "<group>"; };
		440E85FD17F5140E00D191A2 /* main.m */ = {isa = PBXFileReference; lastKnownFileType = sourcecode.c.objc; path = main.m; sourceTree = "<group>"; };
		440E85FF17F5140E00D191A2 /* iBeacon_Manager-Prefix.pch */ = {isa = PBXFileReference; lastKnownFileType = sourcecode.c.h; path = "iBeacon_Manager-Prefix.pch"; sourceTree = "<group>"; };
		440E860017F5140E00D191A2 /* AppDelegate.h */ = {isa = PBXFileReference; lastKnownFileType = sourcecode.c.h; path = AppDelegate.h; sourceTree = "<group>"; };
		440E860117F5140E00D191A2 /* AppDelegate.m */ = {isa = PBXFileReference; lastKnownFileType = sourcecode.c.objc; path = AppDelegate.m; sourceTree = "<group>"; };
		440E860417F5140E00D191A2 /* Base */ = {isa = PBXFileReference; lastKnownFileType = file.storyboard; name = Base; path = Base.lproj/Main.storyboard; sourceTree = "<group>"; };
		440E860917F5140F00D191A2 /* Images.xcassets */ = {isa = PBXFileReference; lastKnownFileType = folder.assetcatalog; path = Images.xcassets; sourceTree = "<group>"; };
		440E860F17F5140F00D191A2 /* iBeacon_ManagerTests.xctest */ = {isa = PBXFileReference; explicitFileType = wrapper.cfbundle; includeInIndex = 0; path = iBeacon_ManagerTests.xctest; sourceTree = BUILT_PRODUCTS_DIR; };
		440E861017F5140F00D191A2 /* XCTest.framework */ = {isa = PBXFileReference; lastKnownFileType = wrapper.framework; name = XCTest.framework; path = Library/Frameworks/XCTest.framework; sourceTree = DEVELOPER_DIR; };
		440E863E17F5151D00D191A2 /* pig.caf */ = {isa = PBXFileReference; lastKnownFileType = file; path = pig.caf; sourceTree = "<group>"; };
		440E863F17F5151D00D191A2 /* frog.caf */ = {isa = PBXFileReference; lastKnownFileType = file; path = frog.caf; sourceTree = "<group>"; };
		440E864017F5151D00D191A2 /* cow.caf */ = {isa = PBXFileReference; lastKnownFileType = file; path = cow.caf; sourceTree = "<group>"; };
		440E864117F5151D00D191A2 /* cat.caf */ = {isa = PBXFileReference; lastKnownFileType = file; path = cat.caf; sourceTree = "<group>"; };
		440E864217F5151D00D191A2 /* goat.caf */ = {isa = PBXFileReference; lastKnownFileType = file; path = goat.caf; sourceTree = "<group>"; };
		440E864317F5151D00D191A2 /* hey_adam.caf */ = {isa = PBXFileReference; lastKnownFileType = file; path = hey_adam.caf; sourceTree = "<group>"; };
		440E864D17F5155F00D191A2 /* AudioToolbox.framework */ = {isa = PBXFileReference; lastKnownFileType = wrapper.framework; name = AudioToolbox.framework; path = System/Library/Frameworks/AudioToolbox.framework; sourceTree = SDKROOT; };
		440E864F17F5156900D191A2 /* CoreBluetooth.framework */ = {isa = PBXFileReference; lastKnownFileType = wrapper.framework; name = CoreBluetooth.framework; path = System/Library/Frameworks/CoreBluetooth.framework; sourceTree = SDKROOT; };
		440E865117F5157100D191A2 /* QuartzCore.framework */ = {isa = PBXFileReference; lastKnownFileType = wrapper.framework; name = QuartzCore.framework; path = System/Library/Frameworks/QuartzCore.framework; sourceTree = SDKROOT; };
		440E865317F5157800D191A2 /* AVFoundation.framework */ = {isa = PBXFileReference; lastKnownFileType = wrapper.framework; name = AVFoundation.framework; path = System/Library/Frameworks/AVFoundation.framework; sourceTree = SDKROOT; };
		440E865517F5157F00D191A2 /* CoreLocation.framework */ = {isa = PBXFileReference; lastKnownFileType = wrapper.framework; name = CoreLocation.framework; path = System/Library/Frameworks/CoreLocation.framework; sourceTree = SDKROOT; };
		440E865717F5159300D191A2 /* libz.dylib */ = {isa = PBXFileReference; lastKnownFileType = "compiled.mach-o.dylib"; name = libz.dylib; path = usr/lib/libz.dylib; sourceTree = SDKROOT; };
		440E865917F5159C00D191A2 /* libsqlite3.dylib */ = {isa = PBXFileReference; lastKnownFileType = "compiled.mach-o.dylib"; name = libsqlite3.dylib; path = usr/lib/libsqlite3.dylib; sourceTree = SDKROOT; };
		440E865B17F515A500D191A2 /* CFNetwork.framework */ = {isa = PBXFileReference; lastKnownFileType = wrapper.framework; name = CFNetwork.framework; path = System/Library/Frameworks/CFNetwork.framework; sourceTree = SDKROOT; };
		440E865D17F515AC00D191A2 /* Security.framework */ = {isa = PBXFileReference; lastKnownFileType = wrapper.framework; name = Security.framework; path = System/Library/Frameworks/Security.framework; sourceTree = SDKROOT; };
		440E866017F51C1E00D191A2 /* PlistManager.h */ = {isa = PBXFileReference; fileEncoding = 4; lastKnownFileType = sourcecode.c.h; path = PlistManager.h; sourceTree = "<group>"; };
		440E866117F51C1E00D191A2 /* PlistManager.m */ = {isa = PBXFileReference; fileEncoding = 4; lastKnownFileType = sourcecode.c.objc; path = PlistManager.m; sourceTree = "<group>"; };
		4476CEE21819F87E002E5F9E /* 722-location-pin.png */ = {isa = PBXFileReference; lastKnownFileType = image.png; path = "722-location-pin.png"; sourceTree = "<group>"; };
		4476CEE31819F87E002E5F9E /* 722-location-pin@2x.png */ = {isa = PBXFileReference; lastKnownFileType = image.png; path = "722-location-pin@2x.png"; sourceTree = "<group>"; };
		44818789181F7A90009514CC /* location-pin-selected.png */ = {isa = PBXFileReference; lastKnownFileType = image.png; path = "location-pin-selected.png"; sourceTree = "<group>"; };
		44952DA01822E4A400DC00E3 /* 702-share@2x.png */ = {isa = PBXFileReference; lastKnownFileType = image.png; path = "702-share@2x.png"; sourceTree = "<group>"; };
		44952DA21822E4A800DC00E3 /* 703-download@2x.png */ = {isa = PBXFileReference; lastKnownFileType = image.png; path = "703-download@2x.png"; sourceTree = "<group>"; };
		44952DA41822E4BD00DC00E3 /* 702-share-selected@2x.png */ = {isa = PBXFileReference; lastKnownFileType = image.png; path = "702-share-selected@2x.png"; sourceTree = "<group>"; };
		44952DA61822E4C300DC00E3 /* 703-download-selected.png */ = {isa = PBXFileReference; lastKnownFileType = image.png; path = "703-download-selected.png"; sourceTree = "<group>"; };
		4498CDC31826EC8A001EC26B /* BeaconSettingsViewController.h */ = {isa = PBXFileReference; fileEncoding = 4; lastKnownFileType = sourcecode.c.h; path = BeaconSettingsViewController.h; sourceTree = "<group>"; };
		4498CDC41826EC8A001EC26B /* BeaconSettingsViewController.m */ = {isa = PBXFileReference; fileEncoding = 4; lastKnownFileType = sourcecode.c.objc; path = BeaconSettingsViewController.m; sourceTree = "<group>"; };
		44A5F84617F52E4400F619C1 /* goatbest.jpeg */ = {isa = PBXFileReference; lastKnownFileType = image.jpeg; path = goatbest.jpeg; sourceTree = "<group>"; };
		44A5F84C17F6036100F619C1 /* AirshipLib.xcodeproj */ = {isa = PBXFileReference; lastKnownFileType = "wrapper.pb-project"; name = AirshipLib.xcodeproj; path = "ios-library-dev/AirshipLib/AirshipLib.xcodeproj"; sourceTree = "<group>"; };
		44A5F85917F6041D00F619C1 /* MessageUI.framework */ = {isa = PBXFileReference; lastKnownFileType = wrapper.framework; name = MessageUI.framework; path = System/Library/Frameworks/MessageUI.framework; sourceTree = SDKROOT; };
		44A5F85B17F6043500F619C1 /* MapKit.framework */ = {isa = PBXFileReference; lastKnownFileType = wrapper.framework; name = MapKit.framework; path = System/Library/Frameworks/MapKit.framework; sourceTree = SDKROOT; };
		44A5F85D17F6047900F619C1 /* CoreTelephony.framework */ = {isa = PBXFileReference; lastKnownFileType = wrapper.framework; name = CoreTelephony.framework; path = System/Library/Frameworks/CoreTelephony.framework; sourceTree = SDKROOT; };
		44A5F85F17F6048900F619C1 /* SystemConfiguration.framework */ = {isa = PBXFileReference; lastKnownFileType = wrapper.framework; name = SystemConfiguration.framework; path = System/Library/Frameworks/SystemConfiguration.framework; sourceTree = SDKROOT; };
		44A5F86117F6049A00F619C1 /* CoreData.framework */ = {isa = PBXFileReference; lastKnownFileType = wrapper.framework; name = CoreData.framework; path = System/Library/Frameworks/CoreData.framework; sourceTree = SDKROOT; };
		44DE3EA2180908A80037CC91 /* Icon-72.png */ = {isa = PBXFileReference; lastKnownFileType = image.png; path = "Icon-72.png"; sourceTree = "<group>"; };
		44DE3EA3180908A80037CC91 /* Icon-72@2x.png */ = {isa = PBXFileReference; lastKnownFileType = image.png; path = "Icon-72@2x.png"; sourceTree = "<group>"; };
		44DE3EA4180908A80037CC91 /* Icon-Small-50.png */ = {isa = PBXFileReference; lastKnownFileType = image.png; path = "Icon-Small-50.png"; sourceTree = "<group>"; };
		44DE3EA5180908A80037CC91 /* Icon-Small.png */ = {isa = PBXFileReference; lastKnownFileType = image.png; path = "Icon-Small.png"; sourceTree = "<group>"; };
		44DE3EA6180908A80037CC91 /* Icon-Small@2x.png */ = {isa = PBXFileReference; lastKnownFileType = image.png; path = "Icon-Small@2x.png"; sourceTree = "<group>"; };
		44DE3EA7180908A80037CC91 /* Icon.png */ = {isa = PBXFileReference; lastKnownFileType = image.png; path = Icon.png; sourceTree = "<group>"; };
		44DE3EA8180908A80037CC91 /* Icon@2x.png */ = {isa = PBXFileReference; lastKnownFileType = image.png; path = "Icon@2x.png"; sourceTree = "<group>"; };
		44E46F1518072C38004A35E9 /* VisitedBeaconRegions.plist */ = {isa = PBXFileReference; fileEncoding = 4; lastKnownFileType = text.plist.xml; path = VisitedBeaconRegions.plist; sourceTree = "<group>"; };
		44E6C1C517FC939100CD88AE /* Regions.plist */ = {isa = PBXFileReference; fileEncoding = 4; lastKnownFileType = text.plist.xml; path = Regions.plist; sourceTree = "<group>"; };
		44E6C1C817FC96A500CD88AE /* BeaconRegions.plist */ = {isa = PBXFileReference; fileEncoding = 4; lastKnownFileType = text.plist.xml; path = BeaconRegions.plist; sourceTree = "<group>"; };
		44E6C1CA17FE29A200CD88AE /* BeaconViewController.h */ = {isa = PBXFileReference; fileEncoding = 4; lastKnownFileType = sourcecode.c.h; path = BeaconViewController.h; sourceTree = "<group>"; };
		44E6C1CB17FE29A200CD88AE /* BeaconViewController.m */ = {isa = PBXFileReference; fileEncoding = 4; lastKnownFileType = sourcecode.c.objc; path = BeaconViewController.m; sourceTree = "<group>"; };
		44E6C1D017FE2BAA00CD88AE /* BeaconRegionManager.h */ = {isa = PBXFileReference; fileEncoding = 4; lastKnownFileType = sourcecode.c.h; path = BeaconRegionManager.h; sourceTree = "<group>"; };
		44E6C1D117FE2BAA00CD88AE /* BeaconRegionManager.m */ = {isa = PBXFileReference; fileEncoding = 4; lastKnownFileType = sourcecode.c.objc; path = BeaconRegionManager.m; sourceTree = "<group>"; };
		44E6C1DE17FF97B300CD88AE /* star.png */ = {isa = PBXFileReference; lastKnownFileType = image.png; path = star.png; sourceTree = "<group>"; };
		44E6C1DF17FF97B300CD88AE /* star@2x.png */ = {isa = PBXFileReference; lastKnownFileType = image.png; path = "star@2x.png"; sourceTree = "<group>"; };
		44E6C1E217FF97E900CD88AE /* star-selected.png */ = {isa = PBXFileReference; lastKnownFileType = image.png; path = "star-selected.png"; sourceTree = "<group>"; };
		44E6C1E317FF97E900CD88AE /* star-selected@2x.png */ = {isa = PBXFileReference; lastKnownFileType = image.png; path = "star-selected@2x.png"; sourceTree = "<group>"; };
		44E6C1E617FF983300CD88AE /* 845-location-target.png */ = {isa = PBXFileReference; lastKnownFileType = image.png; path = "845-location-target.png"; sourceTree = "<group>"; };
		44E6C1E717FF983300CD88AE /* 845-location-target@2x.png */ = {isa = PBXFileReference; lastKnownFileType = image.png; path = "845-location-target@2x.png"; sourceTree = "<group>"; };
		44E6C1EA17FF986000CD88AE /* 849-radar.png */ = {isa = PBXFileReference; lastKnownFileType = image.png; path = "849-radar.png"; sourceTree = "<group>"; };
		44E6C1EB17FF986000CD88AE /* 849-radar@2x.png */ = {isa = PBXFileReference; lastKnownFileType = image.png; path = "849-radar@2x.png"; sourceTree = "<group>"; };
		44EFC67A181CA11D007C1B1B /* AirshipConfig.plist */ = {isa = PBXFileReference; lastKnownFileType = text.plist; path = AirshipConfig.plist; sourceTree = "<group>"; };
		6153AD641836CC59004E8C17 /* ManagedBeaconRegion.h */ = {isa = PBXFileReference; fileEncoding = 4; lastKnownFileType = sourcecode.c.h; path = ManagedBeaconRegion.h; sourceTree = "<group>"; };
		6153AD651836CC59004E8C17 /* ManagedBeaconRegion.m */ = {isa = PBXFileReference; fileEncoding = 4; lastKnownFileType = sourcecode.c.objc; path = ManagedBeaconRegion.m; sourceTree = "<group>"; };
		6192602C1835A17C00143F5A /* BeaconStatsViewController.h */ = {isa = PBXFileReference; fileEncoding = 4; lastKnownFileType = sourcecode.c.h; path = BeaconStatsViewController.h; sourceTree = "<group>"; };
		6192602D1835A17C00143F5A /* BeaconStatsViewController.m */ = {isa = PBXFileReference; fileEncoding = 4; lastKnownFileType = sourcecode.c.objc; path = BeaconStatsViewController.m; sourceTree = "<group>"; };
/* End PBXFileReference section */

/* Begin PBXFrameworksBuildPhase section */
		440E85EB17F5140E00D191A2 /* Frameworks */ = {
			isa = PBXFrameworksBuildPhase;
			buildActionMask = 2147483647;
			files = (
				44EFC679181CA056007C1B1B /* libUAirship-3.0.1.a in Frameworks */,
				44A5F86217F6049A00F619C1 /* CoreData.framework in Frameworks */,
				44A5F86017F6048900F619C1 /* SystemConfiguration.framework in Frameworks */,
				44A5F85E17F6047900F619C1 /* CoreTelephony.framework in Frameworks */,
				44A5F85C17F6043500F619C1 /* MapKit.framework in Frameworks */,
				440E865417F5157800D191A2 /* AVFoundation.framework in Frameworks */,
				44A5F85A17F6041D00F619C1 /* MessageUI.framework in Frameworks */,
				440E865E17F515AC00D191A2 /* Security.framework in Frameworks */,
				440E865C17F515A500D191A2 /* CFNetwork.framework in Frameworks */,
				440E865A17F5159C00D191A2 /* libsqlite3.dylib in Frameworks */,
				440E865817F5159300D191A2 /* libz.dylib in Frameworks */,
				440E85F417F5140E00D191A2 /* CoreGraphics.framework in Frameworks */,
				440E865617F5157F00D191A2 /* CoreLocation.framework in Frameworks */,
				440E865217F5157100D191A2 /* QuartzCore.framework in Frameworks */,
				440E865017F5156900D191A2 /* CoreBluetooth.framework in Frameworks */,
				440E864E17F5155F00D191A2 /* AudioToolbox.framework in Frameworks */,
				440E85F617F5140E00D191A2 /* UIKit.framework in Frameworks */,
				440E85F217F5140E00D191A2 /* Foundation.framework in Frameworks */,
			);
			runOnlyForDeploymentPostprocessing = 0;
		};
		440E860C17F5140F00D191A2 /* Frameworks */ = {
			isa = PBXFrameworksBuildPhase;
			buildActionMask = 2147483647;
			files = (
				440E861117F5140F00D191A2 /* XCTest.framework in Frameworks */,
				440E861317F5140F00D191A2 /* UIKit.framework in Frameworks */,
				440E861217F5140F00D191A2 /* Foundation.framework in Frameworks */,
			);
			runOnlyForDeploymentPostprocessing = 0;
		};
/* End PBXFrameworksBuildPhase section */

/* Begin PBXGroup section */
		440E85E517F5140E00D191A2 = {
			isa = PBXGroup;
			children = (
				44A5F84C17F6036100F619C1 /* AirshipLib.xcodeproj */,
				440E85F717F5140E00D191A2 /* iBeacon_Manager */,
				440E85F017F5140E00D191A2 /* Frameworks */,
				440E85EF17F5140E00D191A2 /* Products */,
			);
			sourceTree = "<group>";
		};
		440E85EF17F5140E00D191A2 /* Products */ = {
			isa = PBXGroup;
			children = (
				440E85EE17F5140E00D191A2 /* iBeacon_Manager.app */,
				440E860F17F5140F00D191A2 /* iBeacon_ManagerTests.xctest */,
			);
			name = Products;
			sourceTree = "<group>";
		};
		440E85F017F5140E00D191A2 /* Frameworks */ = {
			isa = PBXGroup;
			children = (
				44A5F86117F6049A00F619C1 /* CoreData.framework */,
				44A5F85F17F6048900F619C1 /* SystemConfiguration.framework */,
				44A5F85D17F6047900F619C1 /* CoreTelephony.framework */,
				44A5F85B17F6043500F619C1 /* MapKit.framework */,
				44A5F85917F6041D00F619C1 /* MessageUI.framework */,
				440E865D17F515AC00D191A2 /* Security.framework */,
				440E865B17F515A500D191A2 /* CFNetwork.framework */,
				440E865917F5159C00D191A2 /* libsqlite3.dylib */,
				440E865717F5159300D191A2 /* libz.dylib */,
				440E865517F5157F00D191A2 /* CoreLocation.framework */,
				440E865317F5157800D191A2 /* AVFoundation.framework */,
				440E865117F5157100D191A2 /* QuartzCore.framework */,
				440E864F17F5156900D191A2 /* CoreBluetooth.framework */,
				440E864D17F5155F00D191A2 /* AudioToolbox.framework */,
				440E85F117F5140E00D191A2 /* Foundation.framework */,
				440E85F317F5140E00D191A2 /* CoreGraphics.framework */,
				440E85F517F5140E00D191A2 /* UIKit.framework */,
				440E861017F5140F00D191A2 /* XCTest.framework */,
			);
			name = Frameworks;
			sourceTree = "<group>";
		};
		440E85F717F5140E00D191A2 /* iBeacon_Manager */ = {
			isa = PBXGroup;
			children = (
				440E860017F5140E00D191A2 /* AppDelegate.h */,
				440E860117F5140E00D191A2 /* AppDelegate.m */,
				440E860317F5140E00D191A2 /* Main.storyboard */,
				6153AD641836CC59004E8C17 /* ManagedBeaconRegion.h */,
				6153AD651836CC59004E8C17 /* ManagedBeaconRegion.m */,
				44E6C1D017FE2BAA00CD88AE /* BeaconRegionManager.h */,
				44E6C1D117FE2BAA00CD88AE /* BeaconRegionManager.m */,
				440E866017F51C1E00D191A2 /* PlistManager.h */,
				440E866117F51C1E00D191A2 /* PlistManager.m */,
				44E6C1CA17FE29A200CD88AE /* BeaconViewController.h */,
				44E6C1CB17FE29A200CD88AE /* BeaconViewController.m */,
				4498CDC31826EC8A001EC26B /* BeaconSettingsViewController.h */,
				4498CDC41826EC8A001EC26B /* BeaconSettingsViewController.m */,
				6192602C1835A17C00143F5A /* BeaconStatsViewController.h */,
				6192602D1835A17C00143F5A /* BeaconStatsViewController.m */,
				440E860917F5140F00D191A2 /* Images.xcassets */,
				440E85F817F5140E00D191A2 /* Supporting Files */,
			);
			path = iBeacon_Manager;
			sourceTree = "<group>";
		};
		440E85F817F5140E00D191A2 /* Supporting Files */ = {
			isa = PBXGroup;
			children = (
				44EFC67D181CA15B007C1B1B /* Sounds */,
				44DE3EA11809089C0037CC91 /* Icons */,
				44EFC67C181CA138007C1B1B /* Images */,
				44E6C1C517FC939100CD88AE /* Regions.plist */,
				44E6C1C817FC96A500CD88AE /* BeaconRegions.plist */,
				44E46F1518072C38004A35E9 /* VisitedBeaconRegions.plist */,
				440E85F917F5140E00D191A2 /* iBeacon_Manager-Info.plist */,
				44EFC67A181CA11D007C1B1B /* AirshipConfig.plist */,
				440E85FA17F5140E00D191A2 /* InfoPlist.strings */,
				440E85FD17F5140E00D191A2 /* main.m */,
				440E85FF17F5140E00D191A2 /* iBeacon_Manager-Prefix.pch */,
			);
			name = "Supporting Files";
			sourceTree = "<group>";
		};
		44A5F84D17F6036100F619C1 /* Products */ = {
			isa = PBXGroup;
			children = (
				44A5F85317F6036200F619C1 /* libUAirship-3.0.1.a */,
				44A5F85517F6036200F619C1 /* AirshipLogicTests.xctest */,
				44A5F85717F6036200F619C1 /* libUAirship-iOS5-3.0.1.a */,
			);
			name = Products;
			sourceTree = "<group>";
		};
		44DE3EA11809089C0037CC91 /* Icons */ = {
			isa = PBXGroup;
			children = (
				44952DA21822E4A800DC00E3 /* 703-download@2x.png */,
				44952DA61822E4C300DC00E3 /* 703-download-selected.png */,
				44952DA41822E4BD00DC00E3 /* 702-share-selected@2x.png */,
				44952DA01822E4A400DC00E3 /* 702-share@2x.png */,
				44DE3EA2180908A80037CC91 /* Icon-72.png */,
				44DE3EA3180908A80037CC91 /* Icon-72@2x.png */,
				44DE3EA4180908A80037CC91 /* Icon-Small-50.png */,
				44DE3EA5180908A80037CC91 /* Icon-Small.png */,
				44DE3EA6180908A80037CC91 /* Icon-Small@2x.png */,
				44DE3EA7180908A80037CC91 /* Icon.png */,
				44DE3EA8180908A80037CC91 /* Icon@2x.png */,
			);
			name = Icons;
			sourceTree = "<group>";
		};
		44EFC67C181CA138007C1B1B /* Images */ = {
			isa = PBXGroup;
			children = (
				44A5F84617F52E4400F619C1 /* goatbest.jpeg */,
				44818789181F7A90009514CC /* location-pin-selected.png */,
				4476CEE21819F87E002E5F9E /* 722-location-pin.png */,
				4476CEE31819F87E002E5F9E /* 722-location-pin@2x.png */,
				44E6C1EA17FF986000CD88AE /* 849-radar.png */,
				44E6C1EB17FF986000CD88AE /* 849-radar@2x.png */,
				44E6C1E617FF983300CD88AE /* 845-location-target.png */,
				44E6C1E717FF983300CD88AE /* 845-location-target@2x.png */,
				44E6C1DE17FF97B300CD88AE /* star.png */,
				44E6C1DF17FF97B300CD88AE /* star@2x.png */,
				44E6C1E217FF97E900CD88AE /* star-selected.png */,
				44E6C1E317FF97E900CD88AE /* star-selected@2x.png */,
			);
			name = Images;
			sourceTree = "<group>";
		};
		44EFC67D181CA15B007C1B1B /* Sounds */ = {
			isa = PBXGroup;
			children = (
				440E863E17F5151D00D191A2 /* pig.caf */,
				440E863F17F5151D00D191A2 /* frog.caf */,
				440E864017F5151D00D191A2 /* cow.caf */,
				440E864117F5151D00D191A2 /* cat.caf */,
				440E864217F5151D00D191A2 /* goat.caf */,
				440E864317F5151D00D191A2 /* hey_adam.caf */,
			);
			name = Sounds;
			sourceTree = "<group>";
		};
/* End PBXGroup section */

/* Begin PBXNativeTarget section */
		440E85ED17F5140E00D191A2 /* iBeacon_Manager */ = {
			isa = PBXNativeTarget;
			buildConfigurationList = 440E862017F5140F00D191A2 /* Build configuration list for PBXNativeTarget "iBeacon_Manager" */;
			buildPhases = (
				440E85EA17F5140E00D191A2 /* Sources */,
				440E85EB17F5140E00D191A2 /* Frameworks */,
				440E85EC17F5140E00D191A2 /* Resources */,
			);
			buildRules = (
			);
			dependencies = (
			);
			name = iBeacon_Manager;
			productName = UABeacons;
			productReference = 440E85EE17F5140E00D191A2 /* iBeacon_Manager.app */;
			productType = "com.apple.product-type.application";
		};
		440E860E17F5140F00D191A2 /* iBeacon_ManagerTests */ = {
			isa = PBXNativeTarget;
			buildConfigurationList = 440E862317F5140F00D191A2 /* Build configuration list for PBXNativeTarget "iBeacon_ManagerTests" */;
			buildPhases = (
				440E860B17F5140F00D191A2 /* Sources */,
				440E860C17F5140F00D191A2 /* Frameworks */,
				440E860D17F5140F00D191A2 /* Resources */,
			);
			buildRules = (
			);
			dependencies = (
				440E861517F5140F00D191A2 /* PBXTargetDependency */,
			);
			name = iBeacon_ManagerTests;
			productName = UABeaconsTests;
			productReference = 440E860F17F5140F00D191A2 /* iBeacon_ManagerTests.xctest */;
			productType = "com.apple.product-type.bundle.unit-test";
		};
/* End PBXNativeTarget section */

/* Begin PBXProject section */
		440E85E617F5140E00D191A2 /* Project object */ = {
			isa = PBXProject;
			attributes = {
				LastUpgradeCheck = 0500;
				ORGANIZATIONNAME = "David Crow";
				TargetAttributes = {
					440E85ED17F5140E00D191A2 = {
						DevelopmentTeam = RT2J3E5RQP;
					};
					440E860E17F5140F00D191A2 = {
						TestTargetID = 440E85ED17F5140E00D191A2;
					};
				};
			};
			buildConfigurationList = 440E85E917F5140E00D191A2 /* Build configuration list for PBXProject "iBeacon_Manager" */;
			compatibilityVersion = "Xcode 3.2";
			developmentRegion = English;
			hasScannedForEncodings = 0;
			knownRegions = (
				en,
				Base,
			);
			mainGroup = 440E85E517F5140E00D191A2;
			productRefGroup = 440E85EF17F5140E00D191A2 /* Products */;
			projectDirPath = "";
			projectReferences = (
				{
					ProductGroup = 44A5F84D17F6036100F619C1 /* Products */;
					ProjectRef = 44A5F84C17F6036100F619C1 /* AirshipLib.xcodeproj */;
				},
			);
			projectRoot = "";
			targets = (
				440E85ED17F5140E00D191A2 /* iBeacon_Manager */,
				440E860E17F5140F00D191A2 /* iBeacon_ManagerTests */,
			);
		};
/* End PBXProject section */

/* Begin PBXReferenceProxy section */
		44A5F85317F6036200F619C1 /* libUAirship-3.0.1.a */ = {
			isa = PBXReferenceProxy;
			fileType = archive.ar;
			path = "libUAirship-3.0.1.a";
			remoteRef = 44A5F85217F6036200F619C1 /* PBXContainerItemProxy */;
			sourceTree = BUILT_PRODUCTS_DIR;
		};
		44A5F85517F6036200F619C1 /* AirshipLogicTests.xctest */ = {
			isa = PBXReferenceProxy;
			fileType = wrapper.cfbundle;
			path = AirshipLogicTests.xctest;
			remoteRef = 44A5F85417F6036200F619C1 /* PBXContainerItemProxy */;
			sourceTree = BUILT_PRODUCTS_DIR;
		};
		44A5F85717F6036200F619C1 /* libUAirship-iOS5-3.0.1.a */ = {
			isa = PBXReferenceProxy;
			fileType = archive.ar;
			path = "libUAirship-iOS5-3.0.1.a";
			remoteRef = 44A5F85617F6036200F619C1 /* PBXContainerItemProxy */;
			sourceTree = BUILT_PRODUCTS_DIR;
		};
/* End PBXReferenceProxy section */

/* Begin PBXResourcesBuildPhase section */
		440E85EC17F5140E00D191A2 /* Resources */ = {
			isa = PBXResourcesBuildPhase;
			buildActionMask = 2147483647;
			files = (
				440E864617F5151D00D191A2 /* cow.caf in Resources */,
				447F2659182301E20076F44E /* Main.storyboard in Resources */,
				44E6C1E117FF97B300CD88AE /* star@2x.png in Resources */,
				440E864717F5151D00D191A2 /* cat.caf in Resources */,
				44952DA51822E4BD00DC00E3 /* 702-share-selected@2x.png in Resources */,
				440E860A17F5140F00D191A2 /* Images.xcassets in Resources */,
				44A5F84717F52E4400F619C1 /* goatbest.jpeg in Resources */,
				44952DA71822E4C300DC00E3 /* 703-download-selected.png in Resources */,
				440E864817F5151D00D191A2 /* goat.caf in Resources */,
				44DE3EAD180908A80037CC91 /* Icon-Small@2x.png in Resources */,
				440E85FC17F5140E00D191A2 /* InfoPlist.strings in Resources */,
				44DE3EAE180908A80037CC91 /* Icon.png in Resources */,
				44E6C1E017FF97B300CD88AE /* star.png in Resources */,
				44DE3EAB180908A80037CC91 /* Icon-Small-50.png in Resources */,
				440E864917F5151D00D191A2 /* hey_adam.caf in Resources */,
				44E6C1C917FC96A500CD88AE /* BeaconRegions.plist in Resources */,
				44E6C1E517FF97E900CD88AE /* star-selected@2x.png in Resources */,
				44E6C1E417FF97E900CD88AE /* star-selected.png in Resources */,
				44E46F1618072C38004A35E9 /* VisitedBeaconRegions.plist in Resources */,
				440E864517F5151D00D191A2 /* frog.caf in Resources */,
				44952DA31822E4A800DC00E3 /* 703-download@2x.png in Resources */,
				447F26531823013C0076F44E /* iBeacon_Manager-Info.plist in Resources */,
				44DE3EAA180908A80037CC91 /* Icon-72@2x.png in Resources */,
				44DE3EAC180908A80037CC91 /* Icon-Small.png in Resources */,
				44E6C1ED17FF986000CD88AE /* 849-radar@2x.png in Resources */,
				44EFC67B181CA11D007C1B1B /* AirshipConfig.plist in Resources */,
				4476CEE51819F87E002E5F9E /* 722-location-pin@2x.png in Resources */,
				44E6C1C617FC939100CD88AE /* Regions.plist in Resources */,
				4476CEE41819F87E002E5F9E /* 722-location-pin.png in Resources */,
				44DE3EA9180908A80037CC91 /* Icon-72.png in Resources */,
				44E6C1EC17FF986000CD88AE /* 849-radar.png in Resources */,
				44E6C1E917FF983300CD88AE /* 845-location-target@2x.png in Resources */,
				44DE3EAF180908A80037CC91 /* Icon@2x.png in Resources */,
				44952DA11822E4A400DC00E3 /* 702-share@2x.png in Resources */,
				4481878A181F7A90009514CC /* location-pin-selected.png in Resources */,
				440E864417F5151D00D191A2 /* pig.caf in Resources */,
				44E6C1E817FF983300CD88AE /* 845-location-target.png in Resources */,
			);
			runOnlyForDeploymentPostprocessing = 0;
		};
		440E860D17F5140F00D191A2 /* Resources */ = {
			isa = PBXResourcesBuildPhase;
			buildActionMask = 2147483647;
			files = (
			);
			runOnlyForDeploymentPostprocessing = 0;
		};
/* End PBXResourcesBuildPhase section */

/* Begin PBXSourcesBuildPhase section */
		440E85EA17F5140E00D191A2 /* Sources */ = {
			isa = PBXSourcesBuildPhase;
			buildActionMask = 2147483647;
			files = (
				6192602E1835A17C00143F5A /* BeaconStatsViewController.m in Sources */,
				6153AD661836CC59004E8C17 /* ManagedBeaconRegion.m in Sources */,
				440E866217F51C1E00D191A2 /* PlistManager.m in Sources */,
				4498CDC51826EC8A001EC26B /* BeaconSettingsViewController.m in Sources */,
				44E6C1D217FE2BAA00CD88AE /* BeaconRegionManager.m in Sources */,
				44E6C1CC17FE29A200CD88AE /* BeaconViewController.m in Sources */,
				440E860217F5140E00D191A2 /* AppDelegate.m in Sources */,
				440E85FE17F5140E00D191A2 /* main.m in Sources */,
			);
			runOnlyForDeploymentPostprocessing = 0;
		};
		440E860B17F5140F00D191A2 /* Sources */ = {
			isa = PBXSourcesBuildPhase;
			buildActionMask = 2147483647;
			files = (
			);
			runOnlyForDeploymentPostprocessing = 0;
		};
/* End PBXSourcesBuildPhase section */

/* Begin PBXTargetDependency section */
		440E861517F5140F00D191A2 /* PBXTargetDependency */ = {
			isa = PBXTargetDependency;
			target = 440E85ED17F5140E00D191A2 /* iBeacon_Manager */;
			targetProxy = 440E861417F5140F00D191A2 /* PBXContainerItemProxy */;
		};
/* End PBXTargetDependency section */

/* Begin PBXVariantGroup section */
		440E85FA17F5140E00D191A2 /* InfoPlist.strings */ = {
			isa = PBXVariantGroup;
			children = (
				440E85FB17F5140E00D191A2 /* en */,
			);
			name = InfoPlist.strings;
			sourceTree = "<group>";
		};
		440E860317F5140E00D191A2 /* Main.storyboard */ = {
			isa = PBXVariantGroup;
			children = (
				440E860417F5140E00D191A2 /* Base */,
			);
			name = Main.storyboard;
			sourceTree = "<group>";
		};
/* End PBXVariantGroup section */

/* Begin XCBuildConfiguration section */
		440E861E17F5140F00D191A2 /* Debug */ = {
			isa = XCBuildConfiguration;
			buildSettings = {
				ALWAYS_SEARCH_USER_PATHS = NO;
				ARCHS = "$(ARCHS_STANDARD_INCLUDING_64_BIT)";
				CLANG_CXX_LANGUAGE_STANDARD = "gnu++0x";
				CLANG_CXX_LIBRARY = "libc++";
				CLANG_ENABLE_MODULES = YES;
				CLANG_ENABLE_OBJC_ARC = YES;
				CLANG_WARN_BOOL_CONVERSION = YES;
				CLANG_WARN_CONSTANT_CONVERSION = YES;
				CLANG_WARN_DIRECT_OBJC_ISA_USAGE = YES_ERROR;
				CLANG_WARN_EMPTY_BODY = YES;
				CLANG_WARN_ENUM_CONVERSION = YES;
				CLANG_WARN_INT_CONVERSION = YES;
				CLANG_WARN_OBJC_ROOT_CLASS = YES_ERROR;
				CLANG_WARN__DUPLICATE_METHOD_MATCH = YES;
				"CODE_SIGN_IDENTITY[sdk=iphoneos*]" = "iPhone Developer";
				COPY_PHASE_STRIP = NO;
				GCC_C_LANGUAGE_STANDARD = gnu99;
				GCC_DYNAMIC_NO_PIC = NO;
				GCC_OPTIMIZATION_LEVEL = 0;
				GCC_PREPROCESSOR_DEFINITIONS = (
					"DEBUG=1",
					"$(inherited)",
				);
				GCC_SYMBOLS_PRIVATE_EXTERN = NO;
				GCC_WARN_64_TO_32_BIT_CONVERSION = YES;
				GCC_WARN_ABOUT_RETURN_TYPE = YES_ERROR;
				GCC_WARN_UNDECLARED_SELECTOR = YES;
				GCC_WARN_UNINITIALIZED_AUTOS = YES;
				GCC_WARN_UNUSED_FUNCTION = YES;
				GCC_WARN_UNUSED_VARIABLE = YES;
				IPHONEOS_DEPLOYMENT_TARGET = 7.0;
				ONLY_ACTIVE_ARCH = YES;
				SDKROOT = iphoneos;
			};
			name = Debug;
		};
		440E861F17F5140F00D191A2 /* Release */ = {
			isa = XCBuildConfiguration;
			buildSettings = {
				ALWAYS_SEARCH_USER_PATHS = NO;
				ARCHS = "$(ARCHS_STANDARD_INCLUDING_64_BIT)";
				CLANG_CXX_LANGUAGE_STANDARD = "gnu++0x";
				CLANG_CXX_LIBRARY = "libc++";
				CLANG_ENABLE_MODULES = YES;
				CLANG_ENABLE_OBJC_ARC = YES;
				CLANG_WARN_BOOL_CONVERSION = YES;
				CLANG_WARN_CONSTANT_CONVERSION = YES;
				CLANG_WARN_DIRECT_OBJC_ISA_USAGE = YES_ERROR;
				CLANG_WARN_EMPTY_BODY = YES;
				CLANG_WARN_ENUM_CONVERSION = YES;
				CLANG_WARN_INT_CONVERSION = YES;
				CLANG_WARN_OBJC_ROOT_CLASS = YES_ERROR;
				CLANG_WARN__DUPLICATE_METHOD_MATCH = YES;
				"CODE_SIGN_IDENTITY[sdk=iphoneos*]" = "iPhone Developer";
				COPY_PHASE_STRIP = YES;
				ENABLE_NS_ASSERTIONS = NO;
				GCC_C_LANGUAGE_STANDARD = gnu99;
				GCC_WARN_64_TO_32_BIT_CONVERSION = YES;
				GCC_WARN_ABOUT_RETURN_TYPE = YES_ERROR;
				GCC_WARN_UNDECLARED_SELECTOR = YES;
				GCC_WARN_UNINITIALIZED_AUTOS = YES;
				GCC_WARN_UNUSED_FUNCTION = YES;
				GCC_WARN_UNUSED_VARIABLE = YES;
				IPHONEOS_DEPLOYMENT_TARGET = 7.0;
				SDKROOT = iphoneos;
				VALIDATE_PRODUCT = YES;
			};
			name = Release;
		};
		440E862117F5140F00D191A2 /* Debug */ = {
			isa = XCBuildConfiguration;
			buildSettings = {
				ASSETCATALOG_COMPILER_APPICON_NAME = AppIcon;
				ASSETCATALOG_COMPILER_LAUNCHIMAGE_NAME = LaunchImage;
				CODE_SIGN_IDENTITY = "iPhone Developer";
				"CODE_SIGN_IDENTITY[sdk=iphoneos*]" = "iPhone Developer";
				GCC_PRECOMPILE_PREFIX_HEADER = YES;
				GCC_PREFIX_HEADER = "iBeacon_Manager/iBeacon_Manager-Prefix.pch";
				HEADER_SEARCH_PATHS = (
					"$(inherited)",
					/Applications/Xcode.app/Contents/Developer/Toolchains/XcodeDefault.xctoolchain/usr/include,
					"/Users/dcrow/currentprojects/iBeacon_Manager/ios-library-dev/Airship/**",
				);
				INFOPLIST_FILE = "iBeacon_Manager/iBeacon_Manager-Info.plist";
				LIBRARY_SEARCH_PATHS = (
					"$(inherited)",
					"/Users/dcrow/currentprojects/iBeacon_Manager/DerivedData/iBeacon_Manager/Build/Products/Debug-iphoneos",
				);
				OTHER_LDFLAGS = "-ObjC";
				PRODUCT_NAME = iBeacon_Manager;
				PROVISIONING_PROFILE = "";
				WRAPPER_EXTENSION = app;
			};
			name = Debug;
		};
		440E862217F5140F00D191A2 /* Release */ = {
			isa = XCBuildConfiguration;
			buildSettings = {
				ASSETCATALOG_COMPILER_APPICON_NAME = AppIcon;
				ASSETCATALOG_COMPILER_LAUNCHIMAGE_NAME = LaunchImage;
				CODE_SIGN_IDENTITY = "iPhone Developer";
				"CODE_SIGN_IDENTITY[sdk=iphoneos*]" = "iPhone Developer";
				GCC_PRECOMPILE_PREFIX_HEADER = YES;
				GCC_PREFIX_HEADER = "iBeacon_Manager/iBeacon_Manager-Prefix.pch";
				HEADER_SEARCH_PATHS = (
					"$(inherited)",
					/Applications/Xcode.app/Contents/Developer/Toolchains/XcodeDefault.xctoolchain/usr/include,
					"/Users/dcrow/currentprojects/iBeacon_Manager/ios-library-dev/Airship/**",
				);
				INFOPLIST_FILE = "iBeacon_Manager/iBeacon_Manager-Info.plist";
				LIBRARY_SEARCH_PATHS = (
					"$(inherited)",
					"/Users/dcrow/currentprojects/iBeacon_Manager/DerivedData/iBeacon_Manager/Build/Products/Debug-iphoneos",
				);
				OTHER_LDFLAGS = "-ObjC";
				PRODUCT_NAME = iBeacon_Manager;
				PROVISIONING_PROFILE = "";
				WRAPPER_EXTENSION = app;
			};
			name = Release;
		};
		440E862417F5140F00D191A2 /* Debug */ = {
			isa = XCBuildConfiguration;
			buildSettings = {
				ARCHS = "$(ARCHS_STANDARD_INCLUDING_64_BIT)";
				BUNDLE_LOADER = "$(BUILT_PRODUCTS_DIR)/UABeacons.app/UABeacons";
				FRAMEWORK_SEARCH_PATHS = (
					"$(SDKROOT)/Developer/Library/Frameworks",
					"$(inherited)",
					"$(DEVELOPER_FRAMEWORKS_DIR)",
				);
				GCC_PRECOMPILE_PREFIX_HEADER = YES;
				GCC_PREFIX_HEADER = "UABeacons/UABeacons-Prefix.pch";
				GCC_PREPROCESSOR_DEFINITIONS = (
					"DEBUG=1",
					"$(inherited)",
				);
				INFOPLIST_FILE = "UABeaconsTests/UABeaconsTests-Info.plist";
				PRODUCT_NAME = iBeacon_ManagerTests;
				TEST_HOST = "$(BUNDLE_LOADER)";
				WRAPPER_EXTENSION = xctest;
			};
			name = Debug;
		};
		440E862517F5140F00D191A2 /* Release */ = {
			isa = XCBuildConfiguration;
			buildSettings = {
				ARCHS = "$(ARCHS_STANDARD_INCLUDING_64_BIT)";
				BUNDLE_LOADER = "$(BUILT_PRODUCTS_DIR)/UABeacons.app/UABeacons";
				FRAMEWORK_SEARCH_PATHS = (
					"$(SDKROOT)/Developer/Library/Frameworks",
					"$(inherited)",
					"$(DEVELOPER_FRAMEWORKS_DIR)",
				);
				GCC_PRECOMPILE_PREFIX_HEADER = YES;
				GCC_PREFIX_HEADER = "UABeacons/UABeacons-Prefix.pch";
				INFOPLIST_FILE = "UABeaconsTests/UABeaconsTests-Info.plist";
				PRODUCT_NAME = iBeacon_ManagerTests;
				TEST_HOST = "$(BUNDLE_LOADER)";
				WRAPPER_EXTENSION = xctest;
			};
			name = Release;
		};
/* End XCBuildConfiguration section */

/* Begin XCConfigurationList section */
		440E85E917F5140E00D191A2 /* Build configuration list for PBXProject "iBeacon_Manager" */ = {
			isa = XCConfigurationList;
			buildConfigurations = (
				440E861E17F5140F00D191A2 /* Debug */,
				440E861F17F5140F00D191A2 /* Release */,
			);
			defaultConfigurationIsVisible = 0;
			defaultConfigurationName = Release;
		};
		440E862017F5140F00D191A2 /* Build configuration list for PBXNativeTarget "iBeacon_Manager" */ = {
			isa = XCConfigurationList;
			buildConfigurations = (
				440E862117F5140F00D191A2 /* Debug */,
				440E862217F5140F00D191A2 /* Release */,
			);
			defaultConfigurationIsVisible = 0;
			defaultConfigurationName = Release;
		};
		440E862317F5140F00D191A2 /* Build configuration list for PBXNativeTarget "iBeacon_ManagerTests" */ = {
			isa = XCConfigurationList;
			buildConfigurations = (
				440E862417F5140F00D191A2 /* Debug */,
				440E862517F5140F00D191A2 /* Release */,
			);
			defaultConfigurationIsVisible = 0;
			defaultConfigurationName = Release;
		};
/* End XCConfigurationList section */
	};
	rootObject = 440E85E617F5140E00D191A2 /* Project object */;
}
